
Microsoft Visual Studio Solution File, Format Version 12.00
# Visual Studio Version 17
VisualStudioVersion = 17.9.34723.18
MinimumVisualStudioVersion = 10.0.40219.1
Project("{FAE04EC0-301F-11D3-BF4B-00C04F79EFBC}") = "Autoguard.API", "Autoguard.API\Autoguard.API.csproj", "{7ED1AA3E-D8DC-496B-B0DE-151CD0C339C0}"
EndProject
Project("{FAE04EC0-301F-11D3-BF4B-00C04F79EFBC}") = "Autoguard.Application", "Autoguard.Application\Autoguard.Application.csproj", "{B294600A-F903-4441-96FA-7D234A93C82A}"
EndProject
Project("{FAE04EC0-301F-11D3-BF4B-00C04F79EFBC}") = "Autoguard.Domain", "Autoguard.Domain\Autoguard.Domain.csproj", "{AD789A50-E468-44AF-B4AA-6587ED9DD3FE}"
EndProject
Project("{FAE04EC0-301F-11D3-BF4B-00C04F79EFBC}") = "Autoguard.Infrastructure", "Autoguard.Infrastructure\Autoguard.Infrastructure.csproj", "{8FD79F3B-7341-4CEF-A319-39736E2DC59B}"
EndProject
Global
	GlobalSection(SolutionConfigurationPlatforms) = preSolution
		Debug|Any CPU = Debug|Any CPU
		Release|Any CPU = Release|Any CPU
	EndGlobalSection
	GlobalSection(ProjectConfigurationPlatforms) = postSolution
		{7ED1AA3E-D8DC-496B-B0DE-151CD0C339C0}.Debug|Any CPU.ActiveCfg = Debug|Any CPU
		{7ED1AA3E-D8DC-496B-B0DE-151CD0C339C0}.Debug|Any CPU.Build.0 = Debug|Any CPU
		{7ED1AA3E-D8DC-496B-B0DE-151CD0C339C0}.Release|Any CPU.ActiveCfg = Release|Any CPU
		{7ED1AA3E-D8DC-496B-B0DE-151CD0C339C0}.Release|Any CPU.Build.0 = Release|Any CPU
		{B294600A-F903-4441-96FA-7D234A93C82A}.Debug|Any CPU.ActiveCfg = Debug|Any CPU
		{B294600A-F903-4441-96FA-7D234A93C82A}.Debug|Any CPU.Build.0 = Debug|Any CPU
		{B294600A-F903-4441-96FA-7D234A93C82A}.Release|Any CPU.ActiveCfg = Release|Any CPU
		{B294600A-F903-4441-96FA-7D234A93C82A}.Release|Any CPU.Build.0 = Release|Any CPU
		{AD789A50-E468-44AF-B4AA-6587ED9DD3FE}.Debug|Any CPU.ActiveCfg = Debug|Any CPU
		{AD789A50-E468-44AF-B4AA-6587ED9DD3FE}.Debug|Any CPU.Build.0 = Debug|Any CPU
		{AD789A50-E468-44AF-B4AA-6587ED9DD3FE}.Release|Any CPU.ActiveCfg = Release|Any CPU
		{AD789A50-E468-44AF-B4AA-6587ED9DD3FE}.Release|Any CPU.Build.0 = Release|Any CPU
		{8FD79F3B-7341-4CEF-A319-39736E2DC59B}.Debug|Any CPU.ActiveCfg = Debug|Any CPU
		{8FD79F3B-7341-4CEF-A319-39736E2DC59B}.Debug|Any CPU.Build.0 = Debug|Any CPU
		{8FD79F3B-7341-4CEF-A319-39736E2DC59B}.Release|Any CPU.ActiveCfg = Release|Any CPU
		{8FD79F3B-7341-4CEF-A319-39736E2DC59B}.Release|Any CPU.Build.0 = Release|Any CPU
	EndGlobalSection
	GlobalSection(SolutionProperties) = preSolution
		HideSolutionNode = FALSE
	EndGlobalSection
	GlobalSection(ExtensibilityGlobals) = postSolution
		SolutionGuid = {1CB71DF5-F6E0-4C82-8A41-8505273AF14F}
	EndGlobalSection
EndGlobal
